
Microsoft Visual Studio Solution File, Format Version 12.00
# Visual Studio Version 17
VisualStudioVersion = 17.5.33530.505
MinimumVisualStudioVersion = 10.0.40219.1
Project("{FAE04EC0-301F-11D3-BF4B-00C04F79EFBC}") = "8.WPF_DependencyProperty", "8.WPF_DependencyProperty\8.WPF_DependencyProperty.csproj", "{D4CA4178-6613-4A91-B6EE-CF732853705E}"
EndProject
Global
	GlobalSection(SolutionConfigurationPlatforms) = preSolution
		Debug|Any CPU = Debug|Any CPU
		Release|Any CPU = Release|Any CPU
	EndGlobalSection
	GlobalSection(ProjectConfigurationPlatforms) = postSolution
		{D4CA4178-6613-4A91-B6EE-CF732853705E}.Debug|Any CPU.ActiveCfg = Debug|Any CPU
		{D4CA4178-6613-4A91-B6EE-CF732853705E}.Debug|Any CPU.Build.0 = Debug|Any CPU
		{D4CA4178-6613-4A91-B6EE-CF732853705E}.Release|Any CPU.ActiveCfg = Release|Any CPU
		{D4CA4178-6613-4A91-B6EE-CF732853705E}.Release|Any CPU.Build.0 = Release|Any CPU
	EndGlobalSection
	GlobalSection(SolutionProperties) = preSolution
		HideSolutionNode = FALSE
	EndGlobalSection
	GlobalSection(ExtensibilityGlobals) = postSolution
		SolutionGuid = {1AC15CB1-34B8-4D1C-ACE5-7A3AEB664096}
	EndGlobalSection
EndGlobal
