
Microsoft Visual Studio Solution File, Format Version 12.00
# Visual Studio Version 16
VisualStudioVersion = 16.0.33423.256
MinimumVisualStudioVersion = 10.0.40219.1
Project("{FAE04EC0-301F-11D3-BF4B-00C04F79EFBC}") = "46.AttributeDemo", "46.AttributeDemo\46.AttributeDemo.csproj", "{61002D59-2F9F-412A-8344-52BBDBD18AA8}"
EndProject
Global
	GlobalSection(SolutionConfigurationPlatforms) = preSolution
		Debug|Any CPU = Debug|Any CPU
		Release|Any CPU = Release|Any CPU
	EndGlobalSection
	GlobalSection(ProjectConfigurationPlatforms) = postSolution
		{61002D59-2F9F-412A-8344-52BBDBD18AA8}.Debug|Any CPU.ActiveCfg = Debug|Any CPU
		{61002D59-2F9F-412A-8344-52BBDBD18AA8}.Debug|Any CPU.Build.0 = Debug|Any CPU
		{61002D59-2F9F-412A-8344-52BBDBD18AA8}.Release|Any CPU.ActiveCfg = Release|Any CPU
		{61002D59-2F9F-412A-8344-52BBDBD18AA8}.Release|Any CPU.Build.0 = Release|Any CPU
	EndGlobalSection
	GlobalSection(SolutionProperties) = preSolution
		HideSolutionNode = FALSE
	EndGlobalSection
	GlobalSection(ExtensibilityGlobals) = postSolution
		SolutionGuid = {546EA42A-734E-4E79-8C65-8FE4C2A15FE3}
	EndGlobalSection
EndGlobal
