
Microsoft Visual Studio Solution File, Format Version 12.00
# Visual Studio Version 16
VisualStudioVersion = 16.0.33423.256
MinimumVisualStudioVersion = 10.0.40219.1
Project("{FAE04EC0-301F-11D3-BF4B-00C04F79EFBC}") = "26.ExceptionDemo", "26.ExceptionDemo\26.ExceptionDemo.csproj", "{B7C5F825-9055-4D81-A768-2D69BD535030}"
EndProject
Global
	GlobalSection(SolutionConfigurationPlatforms) = preSolution
		Debug|Any CPU = Debug|Any CPU
		Release|Any CPU = Release|Any CPU
	EndGlobalSection
	GlobalSection(ProjectConfigurationPlatforms) = postSolution
		{B7C5F825-9055-4D81-A768-2D69BD535030}.Debug|Any CPU.ActiveCfg = Debug|Any CPU
		{B7C5F825-9055-4D81-A768-2D69BD535030}.Debug|Any CPU.Build.0 = Debug|Any CPU
		{B7C5F825-9055-4D81-A768-2D69BD535030}.Release|Any CPU.ActiveCfg = Release|Any CPU
		{B7C5F825-9055-4D81-A768-2D69BD535030}.Release|Any CPU.Build.0 = Release|Any CPU
	EndGlobalSection
	GlobalSection(SolutionProperties) = preSolution
		HideSolutionNode = FALSE
	EndGlobalSection
	GlobalSection(ExtensibilityGlobals) = postSolution
		SolutionGuid = {2FB8A83F-EE40-4CE1-864B-934CCF971E3D}
	EndGlobalSection
EndGlobal
