
Microsoft Visual Studio Solution File, Format Version 12.00
# Visual Studio Version 16
VisualStudioVersion = 16.0.33423.256
MinimumVisualStudioVersion = 10.0.40219.1
Project("{FAE04EC0-301F-11D3-BF4B-00C04F79EFBC}") = "10_AssignmentOperator", "10_AssignmentOperator\10_AssignmentOperator.csproj", "{FBD1A3DB-6D83-447F-A148-C4A44034FBAB}"
EndProject
Global
	GlobalSection(SolutionConfigurationPlatforms) = preSolution
		Debug|Any CPU = Debug|Any CPU
		Release|Any CPU = Release|Any CPU
	EndGlobalSection
	GlobalSection(ProjectConfigurationPlatforms) = postSolution
		{FBD1A3DB-6D83-447F-A148-C4A44034FBAB}.Debug|Any CPU.ActiveCfg = Debug|Any CPU
		{FBD1A3DB-6D83-447F-A148-C4A44034FBAB}.Debug|Any CPU.Build.0 = Debug|Any CPU
		{FBD1A3DB-6D83-447F-A148-C4A44034FBAB}.Release|Any CPU.ActiveCfg = Release|Any CPU
		{FBD1A3DB-6D83-447F-A148-C4A44034FBAB}.Release|Any CPU.Build.0 = Release|Any CPU
	EndGlobalSection
	GlobalSection(SolutionProperties) = preSolution
		HideSolutionNode = FALSE
	EndGlobalSection
	GlobalSection(ExtensibilityGlobals) = postSolution
		SolutionGuid = {E0978D87-C192-4353-8831-13CC5BE6AE1D}
	EndGlobalSection
EndGlobal
