
Microsoft Visual Studio Solution File, Format Version 12.00
# Visual Studio Version 16
VisualStudioVersion = 16.0.33423.256
MinimumVisualStudioVersion = 10.0.40219.1
Project("{FAE04EC0-301F-11D3-BF4B-00C04F79EFBC}") = "TodoApp.Models", "TodoApp.Models\TodoApp.Models.csproj", "{63FCE2CB-74CC-4B87-BADF-471E137EBCF7}"
EndProject
Project("{2150E333-8FDC-42A3-9474-1A3956D46DE8}") = "UI", "UI", "{DF52582F-603D-4AE6-9D3A-C1B719CF36DC}"
EndProject
Project("{FAE04EC0-301F-11D3-BF4B-00C04F79EFBC}") = "TodoApp.ConsoleApp", "TodoApp.ConsoleApp\TodoApp.ConsoleApp.csproj", "{914DF41D-B641-4539-B03B-4EA850E0AAF5}"
EndProject
Project("{FAE04EC0-301F-11D3-BF4B-00C04F79EFBC}") = "TodoApp.ConsoleAppFile", "TodoApp.ConsoleAppFile\TodoApp.ConsoleAppFile.csproj", "{595E4BF1-C92A-4FA9-9B40-6726B88EE3B2}"
EndProject
Project("{FAE04EC0-301F-11D3-BF4B-00C04F79EFBC}") = "TodoApp.WindowFormsApp", "TodoApp.WindowFormsApp\TodoApp.WindowFormsApp.csproj", "{E4A452A5-7EF8-43D2-ACF5-01A4B2DEA97D}"
EndProject
Project("{FAE04EC0-301F-11D3-BF4B-00C04F79EFBC}") = "TodoApp.WebApplication", "TodoApp.WebApplication\TodoApp.WebApplication.csproj", "{81ABE1AA-2BFC-4255-B373-118E9DEAC1DF}"
EndProject
Project("{2150E333-8FDC-42A3-9474-1A3956D46DE8}") = "API", "API", "{D3880F57-8187-4613-A431-54CB00181F9E}"
EndProject
Project("{FAE04EC0-301F-11D3-BF4B-00C04F79EFBC}") = "TodoApp.Apis", "TodoApp.Apis\TodoApp.Apis.csproj", "{AF94EFD7-4E9B-46CE-9791-74C2BECD9CA9}"
EndProject
Project("{FAE04EC0-301F-11D3-BF4B-00C04F79EFBC}") = "TodoApp.Apis.Tests.ConsoleApp", "TodoApp.Apis.Tests.ConsoleApp\TodoApp.Apis.Tests.ConsoleApp.csproj", "{5952BDD8-BFC9-4280-BBD3-9BA74C8DB2C1}"
EndProject
Global
	GlobalSection(SolutionConfigurationPlatforms) = preSolution
		Debug|Any CPU = Debug|Any CPU
		Release|Any CPU = Release|Any CPU
	EndGlobalSection
	GlobalSection(ProjectConfigurationPlatforms) = postSolution
		{63FCE2CB-74CC-4B87-BADF-471E137EBCF7}.Debug|Any CPU.ActiveCfg = Debug|Any CPU
		{63FCE2CB-74CC-4B87-BADF-471E137EBCF7}.Debug|Any CPU.Build.0 = Debug|Any CPU
		{63FCE2CB-74CC-4B87-BADF-471E137EBCF7}.Release|Any CPU.ActiveCfg = Release|Any CPU
		{63FCE2CB-74CC-4B87-BADF-471E137EBCF7}.Release|Any CPU.Build.0 = Release|Any CPU
		{914DF41D-B641-4539-B03B-4EA850E0AAF5}.Debug|Any CPU.ActiveCfg = Debug|Any CPU
		{914DF41D-B641-4539-B03B-4EA850E0AAF5}.Debug|Any CPU.Build.0 = Debug|Any CPU
		{914DF41D-B641-4539-B03B-4EA850E0AAF5}.Release|Any CPU.ActiveCfg = Release|Any CPU
		{914DF41D-B641-4539-B03B-4EA850E0AAF5}.Release|Any CPU.Build.0 = Release|Any CPU
		{595E4BF1-C92A-4FA9-9B40-6726B88EE3B2}.Debug|Any CPU.ActiveCfg = Debug|Any CPU
		{595E4BF1-C92A-4FA9-9B40-6726B88EE3B2}.Debug|Any CPU.Build.0 = Debug|Any CPU
		{595E4BF1-C92A-4FA9-9B40-6726B88EE3B2}.Release|Any CPU.ActiveCfg = Release|Any CPU
		{595E4BF1-C92A-4FA9-9B40-6726B88EE3B2}.Release|Any CPU.Build.0 = Release|Any CPU
		{E4A452A5-7EF8-43D2-ACF5-01A4B2DEA97D}.Debug|Any CPU.ActiveCfg = Debug|Any CPU
		{E4A452A5-7EF8-43D2-ACF5-01A4B2DEA97D}.Debug|Any CPU.Build.0 = Debug|Any CPU
		{E4A452A5-7EF8-43D2-ACF5-01A4B2DEA97D}.Release|Any CPU.ActiveCfg = Release|Any CPU
		{E4A452A5-7EF8-43D2-ACF5-01A4B2DEA97D}.Release|Any CPU.Build.0 = Release|Any CPU
		{81ABE1AA-2BFC-4255-B373-118E9DEAC1DF}.Debug|Any CPU.ActiveCfg = Debug|Any CPU
		{81ABE1AA-2BFC-4255-B373-118E9DEAC1DF}.Debug|Any CPU.Build.0 = Debug|Any CPU
		{81ABE1AA-2BFC-4255-B373-118E9DEAC1DF}.Release|Any CPU.ActiveCfg = Release|Any CPU
		{81ABE1AA-2BFC-4255-B373-118E9DEAC1DF}.Release|Any CPU.Build.0 = Release|Any CPU
		{AF94EFD7-4E9B-46CE-9791-74C2BECD9CA9}.Debug|Any CPU.ActiveCfg = Debug|Any CPU
		{AF94EFD7-4E9B-46CE-9791-74C2BECD9CA9}.Debug|Any CPU.Build.0 = Debug|Any CPU
		{AF94EFD7-4E9B-46CE-9791-74C2BECD9CA9}.Release|Any CPU.ActiveCfg = Release|Any CPU
		{AF94EFD7-4E9B-46CE-9791-74C2BECD9CA9}.Release|Any CPU.Build.0 = Release|Any CPU
		{5952BDD8-BFC9-4280-BBD3-9BA74C8DB2C1}.Debug|Any CPU.ActiveCfg = Debug|Any CPU
		{5952BDD8-BFC9-4280-BBD3-9BA74C8DB2C1}.Debug|Any CPU.Build.0 = Debug|Any CPU
		{5952BDD8-BFC9-4280-BBD3-9BA74C8DB2C1}.Release|Any CPU.ActiveCfg = Release|Any CPU
		{5952BDD8-BFC9-4280-BBD3-9BA74C8DB2C1}.Release|Any CPU.Build.0 = Release|Any CPU
	EndGlobalSection
	GlobalSection(SolutionProperties) = preSolution
		HideSolutionNode = FALSE
	EndGlobalSection
	GlobalSection(NestedProjects) = preSolution
		{914DF41D-B641-4539-B03B-4EA850E0AAF5} = {DF52582F-603D-4AE6-9D3A-C1B719CF36DC}
		{595E4BF1-C92A-4FA9-9B40-6726B88EE3B2} = {DF52582F-603D-4AE6-9D3A-C1B719CF36DC}
		{E4A452A5-7EF8-43D2-ACF5-01A4B2DEA97D} = {DF52582F-603D-4AE6-9D3A-C1B719CF36DC}
		{81ABE1AA-2BFC-4255-B373-118E9DEAC1DF} = {DF52582F-603D-4AE6-9D3A-C1B719CF36DC}
		{AF94EFD7-4E9B-46CE-9791-74C2BECD9CA9} = {D3880F57-8187-4613-A431-54CB00181F9E}
		{5952BDD8-BFC9-4280-BBD3-9BA74C8DB2C1} = {D3880F57-8187-4613-A431-54CB00181F9E}
	EndGlobalSection
	GlobalSection(ExtensibilityGlobals) = postSolution
		SolutionGuid = {A3F83286-7374-48A5-A599-C8A49C686214}
	EndGlobalSection
EndGlobal
