
Microsoft Visual Studio Solution File, Format Version 12.00
# Visual Studio Version 16
VisualStudioVersion = 16.0.33423.256
MinimumVisualStudioVersion = 10.0.40219.1
Project("{FAE04EC0-301F-11D3-BF4B-00C04F79EFBC}") = "25.StringFunction", "25.StringFunction\25.StringFunction.csproj", "{DB88470B-770D-4391-920F-225C4C076AA2}"
EndProject
Global
	GlobalSection(SolutionConfigurationPlatforms) = preSolution
		Debug|Any CPU = Debug|Any CPU
		Release|Any CPU = Release|Any CPU
	EndGlobalSection
	GlobalSection(ProjectConfigurationPlatforms) = postSolution
		{DB88470B-770D-4391-920F-225C4C076AA2}.Debug|Any CPU.ActiveCfg = Debug|Any CPU
		{DB88470B-770D-4391-920F-225C4C076AA2}.Debug|Any CPU.Build.0 = Debug|Any CPU
		{DB88470B-770D-4391-920F-225C4C076AA2}.Release|Any CPU.ActiveCfg = Release|Any CPU
		{DB88470B-770D-4391-920F-225C4C076AA2}.Release|Any CPU.Build.0 = Release|Any CPU
	EndGlobalSection
	GlobalSection(SolutionProperties) = preSolution
		HideSolutionNode = FALSE
	EndGlobalSection
	GlobalSection(ExtensibilityGlobals) = postSolution
		SolutionGuid = {FB7BCFF4-4C1B-4CC7-A20C-1A45359F3B14}
	EndGlobalSection
EndGlobal
