
Microsoft Visual Studio Solution File, Format Version 12.00
# Visual Studio Version 17
VisualStudioVersion = 17.5.33530.505
MinimumVisualStudioVersion = 10.0.40219.1
Project("{FAE04EC0-301F-11D3-BF4B-00C04F79EFBC}") = "4.WpfApp", "4.WpfApp\4.WpfApp.csproj", "{788DCC34-5894-4156-82F6-BBE873D917C2}"
EndProject
Global
	GlobalSection(SolutionConfigurationPlatforms) = preSolution
		Debug|Any CPU = Debug|Any CPU
		Release|Any CPU = Release|Any CPU
	EndGlobalSection
	GlobalSection(ProjectConfigurationPlatforms) = postSolution
		{788DCC34-5894-4156-82F6-BBE873D917C2}.Debug|Any CPU.ActiveCfg = Debug|Any CPU
		{788DCC34-5894-4156-82F6-BBE873D917C2}.Debug|Any CPU.Build.0 = Debug|Any CPU
		{788DCC34-5894-4156-82F6-BBE873D917C2}.Release|Any CPU.ActiveCfg = Release|Any CPU
		{788DCC34-5894-4156-82F6-BBE873D917C2}.Release|Any CPU.Build.0 = Release|Any CPU
	EndGlobalSection
	GlobalSection(SolutionProperties) = preSolution
		HideSolutionNode = FALSE
	EndGlobalSection
	GlobalSection(ExtensibilityGlobals) = postSolution
		SolutionGuid = {A0F28E73-8E0C-43A4-96A9-C470934F9872}
	EndGlobalSection
EndGlobal
