
Microsoft Visual Studio Solution File, Format Version 12.00
# Visual Studio Version 17
VisualStudioVersion = 17.5.33530.505
MinimumVisualStudioVersion = 10.0.40219.1
Project("{FAE04EC0-301F-11D3-BF4B-00C04F79EFBC}") = "3.WpfOracle", "3.WpfOracle\3.WpfOracle.csproj", "{FEA5F90A-7F25-4DA1-80E4-4B1AB6E8BD0A}"
EndProject
Global
	GlobalSection(SolutionConfigurationPlatforms) = preSolution
		Debug|Any CPU = Debug|Any CPU
		Release|Any CPU = Release|Any CPU
	EndGlobalSection
	GlobalSection(ProjectConfigurationPlatforms) = postSolution
		{FEA5F90A-7F25-4DA1-80E4-4B1AB6E8BD0A}.Debug|Any CPU.ActiveCfg = Debug|Any CPU
		{FEA5F90A-7F25-4DA1-80E4-4B1AB6E8BD0A}.Debug|Any CPU.Build.0 = Debug|Any CPU
		{FEA5F90A-7F25-4DA1-80E4-4B1AB6E8BD0A}.Release|Any CPU.ActiveCfg = Release|Any CPU
		{FEA5F90A-7F25-4DA1-80E4-4B1AB6E8BD0A}.Release|Any CPU.Build.0 = Release|Any CPU
	EndGlobalSection
	GlobalSection(SolutionProperties) = preSolution
		HideSolutionNode = FALSE
	EndGlobalSection
	GlobalSection(ExtensibilityGlobals) = postSolution
		SolutionGuid = {7A3FDE0F-A8E2-4EB8-81B6-854A03930FE6}
	EndGlobalSection
EndGlobal
