
Microsoft Visual Studio Solution File, Format Version 12.00
# Visual Studio Version 16
VisualStudioVersion = 16.0.33423.256
MinimumVisualStudioVersion = 10.0.40219.1
Project("{FAE04EC0-301F-11D3-BF4B-00C04F79EFBC}") = "43.InheritanceDemo", "43.InheritanceDemo\43.InheritanceDemo.csproj", "{052335E2-6793-415B-9F00-FF9A56C2D251}"
EndProject
Global
	GlobalSection(SolutionConfigurationPlatforms) = preSolution
		Debug|Any CPU = Debug|Any CPU
		Release|Any CPU = Release|Any CPU
	EndGlobalSection
	GlobalSection(ProjectConfigurationPlatforms) = postSolution
		{052335E2-6793-415B-9F00-FF9A56C2D251}.Debug|Any CPU.ActiveCfg = Debug|Any CPU
		{052335E2-6793-415B-9F00-FF9A56C2D251}.Debug|Any CPU.Build.0 = Debug|Any CPU
		{052335E2-6793-415B-9F00-FF9A56C2D251}.Release|Any CPU.ActiveCfg = Release|Any CPU
		{052335E2-6793-415B-9F00-FF9A56C2D251}.Release|Any CPU.Build.0 = Release|Any CPU
	EndGlobalSection
	GlobalSection(SolutionProperties) = preSolution
		HideSolutionNode = FALSE
	EndGlobalSection
	GlobalSection(ExtensibilityGlobals) = postSolution
		SolutionGuid = {73E04BC6-846E-42F9-A864-1A63BE45F591}
	EndGlobalSection
EndGlobal
