
Microsoft Visual Studio Solution File, Format Version 12.00
# Visual Studio Version 16
VisualStudioVersion = 16.0.33423.256
MinimumVisualStudioVersion = 10.0.40219.1
Project("{FAE04EC0-301F-11D3-BF4B-00C04F79EFBC}") = "SubA_Debug", "SubA_Debug\SubA_Debug.csproj", "{2053E234-92B2-4D0E-8C90-D79464C2CABD}"
EndProject
Global
	GlobalSection(SolutionConfigurationPlatforms) = preSolution
		Debug|Any CPU = Debug|Any CPU
		Release|Any CPU = Release|Any CPU
	EndGlobalSection
	GlobalSection(ProjectConfigurationPlatforms) = postSolution
		{2053E234-92B2-4D0E-8C90-D79464C2CABD}.Debug|Any CPU.ActiveCfg = Debug|Any CPU
		{2053E234-92B2-4D0E-8C90-D79464C2CABD}.Debug|Any CPU.Build.0 = Debug|Any CPU
		{2053E234-92B2-4D0E-8C90-D79464C2CABD}.Release|Any CPU.ActiveCfg = Release|Any CPU
		{2053E234-92B2-4D0E-8C90-D79464C2CABD}.Release|Any CPU.Build.0 = Release|Any CPU
	EndGlobalSection
	GlobalSection(SolutionProperties) = preSolution
		HideSolutionNode = FALSE
	EndGlobalSection
	GlobalSection(ExtensibilityGlobals) = postSolution
		SolutionGuid = {646356BB-D645-4B7A-B34C-1C8EA1406ADC}
	EndGlobalSection
EndGlobal
