
Microsoft Visual Studio Solution File, Format Version 12.00
# Visual Studio Version 17
VisualStudioVersion = 17.5.33530.505
MinimumVisualStudioVersion = 10.0.40219.1
Project("{9A19103F-16F7-4668-BE54-9A1E7A4F7556}") = "ChatClient", "ChatApp\ChatClient.csproj", "{A12A1683-0684-4FC1-9DFC-F47D1706B05C}"
EndProject
Project("{FAE04EC0-301F-11D3-BF4B-00C04F79EFBC}") = "ChatServer", "ChatServer\ChatServer.csproj", "{1A3AB90B-C450-40C8-ADC3-5D08C1A14105}"
EndProject
Global
	GlobalSection(SolutionConfigurationPlatforms) = preSolution
		Debug|Any CPU = Debug|Any CPU
		Release|Any CPU = Release|Any CPU
	EndGlobalSection
	GlobalSection(ProjectConfigurationPlatforms) = postSolution
		{A12A1683-0684-4FC1-9DFC-F47D1706B05C}.Debug|Any CPU.ActiveCfg = Debug|Any CPU
		{A12A1683-0684-4FC1-9DFC-F47D1706B05C}.Debug|Any CPU.Build.0 = Debug|Any CPU
		{A12A1683-0684-4FC1-9DFC-F47D1706B05C}.Release|Any CPU.ActiveCfg = Release|Any CPU
		{A12A1683-0684-4FC1-9DFC-F47D1706B05C}.Release|Any CPU.Build.0 = Release|Any CPU
		{1A3AB90B-C450-40C8-ADC3-5D08C1A14105}.Debug|Any CPU.ActiveCfg = Debug|Any CPU
		{1A3AB90B-C450-40C8-ADC3-5D08C1A14105}.Debug|Any CPU.Build.0 = Debug|Any CPU
		{1A3AB90B-C450-40C8-ADC3-5D08C1A14105}.Release|Any CPU.ActiveCfg = Release|Any CPU
		{1A3AB90B-C450-40C8-ADC3-5D08C1A14105}.Release|Any CPU.Build.0 = Release|Any CPU
	EndGlobalSection
	GlobalSection(SolutionProperties) = preSolution
		HideSolutionNode = FALSE
	EndGlobalSection
	GlobalSection(ExtensibilityGlobals) = postSolution
		SolutionGuid = {175DFE16-A9BA-4478-91AF-ACA80B359C6E}
	EndGlobalSection
EndGlobal
