
Microsoft Visual Studio Solution File, Format Version 12.00
# Visual Studio Version 17
VisualStudioVersion = 17.5.33530.505
MinimumVisualStudioVersion = 10.0.40219.1
Project("{FAE04EC0-301F-11D3-BF4B-00C04F79EFBC}") = "5-1.WPF_Trigger", "5-1.WPF_Trigger\5-1.WPF_Trigger.csproj", "{9F732BCC-AD4C-46D5-894D-FF79D6EF8B7D}"
EndProject
Global
	GlobalSection(SolutionConfigurationPlatforms) = preSolution
		Debug|Any CPU = Debug|Any CPU
		Release|Any CPU = Release|Any CPU
	EndGlobalSection
	GlobalSection(ProjectConfigurationPlatforms) = postSolution
		{9F732BCC-AD4C-46D5-894D-FF79D6EF8B7D}.Debug|Any CPU.ActiveCfg = Debug|Any CPU
		{9F732BCC-AD4C-46D5-894D-FF79D6EF8B7D}.Debug|Any CPU.Build.0 = Debug|Any CPU
		{9F732BCC-AD4C-46D5-894D-FF79D6EF8B7D}.Release|Any CPU.ActiveCfg = Release|Any CPU
		{9F732BCC-AD4C-46D5-894D-FF79D6EF8B7D}.Release|Any CPU.Build.0 = Release|Any CPU
	EndGlobalSection
	GlobalSection(SolutionProperties) = preSolution
		HideSolutionNode = FALSE
	EndGlobalSection
	GlobalSection(ExtensibilityGlobals) = postSolution
		SolutionGuid = {D5D51EB6-4365-4687-B574-433EFD7FC4E8}
	EndGlobalSection
EndGlobal
