
Microsoft Visual Studio Solution File, Format Version 12.00
# Visual Studio Version 16
VisualStudioVersion = 16.0.33423.256
MinimumVisualStudioVersion = 10.0.40219.1
Project("{FAE04EC0-301F-11D3-BF4B-00C04F79EFBC}") = "29.NullDemo", "29.NullDemo\29.NullDemo.csproj", "{B7245BB5-45F4-4B12-ADBF-96AD1D666843}"
EndProject
Global
	GlobalSection(SolutionConfigurationPlatforms) = preSolution
		Debug|Any CPU = Debug|Any CPU
		Release|Any CPU = Release|Any CPU
	EndGlobalSection
	GlobalSection(ProjectConfigurationPlatforms) = postSolution
		{B7245BB5-45F4-4B12-ADBF-96AD1D666843}.Debug|Any CPU.ActiveCfg = Debug|Any CPU
		{B7245BB5-45F4-4B12-ADBF-96AD1D666843}.Debug|Any CPU.Build.0 = Debug|Any CPU
		{B7245BB5-45F4-4B12-ADBF-96AD1D666843}.Release|Any CPU.ActiveCfg = Release|Any CPU
		{B7245BB5-45F4-4B12-ADBF-96AD1D666843}.Release|Any CPU.Build.0 = Release|Any CPU
	EndGlobalSection
	GlobalSection(SolutionProperties) = preSolution
		HideSolutionNode = FALSE
	EndGlobalSection
	GlobalSection(ExtensibilityGlobals) = postSolution
		SolutionGuid = {DB99A5FA-F813-4A86-BB2F-1C2A5CDD464E}
	EndGlobalSection
EndGlobal
