
Microsoft Visual Studio Solution File, Format Version 12.00
# Visual Studio Version 16
VisualStudioVersion = 16.0.33423.256
MinimumVisualStudioVersion = 10.0.40219.1
Project("{FAE04EC0-301F-11D3-BF4B-00C04F79EFBC}") = "23.Enum", "23.Enum\23.Enum.csproj", "{279A747D-A3A5-4DAC-9AE6-BB918822D1FA}"
EndProject
Global
	GlobalSection(SolutionConfigurationPlatforms) = preSolution
		Debug|Any CPU = Debug|Any CPU
		Release|Any CPU = Release|Any CPU
	EndGlobalSection
	GlobalSection(ProjectConfigurationPlatforms) = postSolution
		{279A747D-A3A5-4DAC-9AE6-BB918822D1FA}.Debug|Any CPU.ActiveCfg = Debug|Any CPU
		{279A747D-A3A5-4DAC-9AE6-BB918822D1FA}.Debug|Any CPU.Build.0 = Debug|Any CPU
		{279A747D-A3A5-4DAC-9AE6-BB918822D1FA}.Release|Any CPU.ActiveCfg = Release|Any CPU
		{279A747D-A3A5-4DAC-9AE6-BB918822D1FA}.Release|Any CPU.Build.0 = Release|Any CPU
	EndGlobalSection
	GlobalSection(SolutionProperties) = preSolution
		HideSolutionNode = FALSE
	EndGlobalSection
	GlobalSection(ExtensibilityGlobals) = postSolution
		SolutionGuid = {8AA3963A-4960-4FD0-B835-C861DEA6D800}
	EndGlobalSection
EndGlobal
