
Microsoft Visual Studio Solution File, Format Version 12.00
# Visual Studio Version 16
VisualStudioVersion = 16.0.33423.256
MinimumVisualStudioVersion = 10.0.40219.1
Project("{FAE04EC0-301F-11D3-BF4B-00C04F79EFBC}") = "04_Syntax", "04_Syntax\04_Syntax.csproj", "{5A1894A6-0D8D-4B27-B045-77C5D22C33FB}"
EndProject
Global
	GlobalSection(SolutionConfigurationPlatforms) = preSolution
		Debug|Any CPU = Debug|Any CPU
		Release|Any CPU = Release|Any CPU
	EndGlobalSection
	GlobalSection(ProjectConfigurationPlatforms) = postSolution
		{5A1894A6-0D8D-4B27-B045-77C5D22C33FB}.Debug|Any CPU.ActiveCfg = Debug|Any CPU
		{5A1894A6-0D8D-4B27-B045-77C5D22C33FB}.Debug|Any CPU.Build.0 = Debug|Any CPU
		{5A1894A6-0D8D-4B27-B045-77C5D22C33FB}.Release|Any CPU.ActiveCfg = Release|Any CPU
		{5A1894A6-0D8D-4B27-B045-77C5D22C33FB}.Release|Any CPU.Build.0 = Release|Any CPU
	EndGlobalSection
	GlobalSection(SolutionProperties) = preSolution
		HideSolutionNode = FALSE
	EndGlobalSection
	GlobalSection(ExtensibilityGlobals) = postSolution
		SolutionGuid = {ECCE59D9-649D-4D7C-89B1-6A9CACF65654}
	EndGlobalSection
EndGlobal
