
Microsoft Visual Studio Solution File, Format Version 12.00
# Visual Studio Version 16
VisualStudioVersion = 16.0.33423.256
MinimumVisualStudioVersion = 10.0.40219.1
Project("{FAE04EC0-301F-11D3-BF4B-00C04F79EFBC}") = "35.ConstructorDemo", "35.ConstructorDemo\35.ConstructorDemo.csproj", "{7AAAF729-82D6-4AAE-A750-DEF6877FF6BD}"
EndProject
Global
	GlobalSection(SolutionConfigurationPlatforms) = preSolution
		Debug|Any CPU = Debug|Any CPU
		Release|Any CPU = Release|Any CPU
	EndGlobalSection
	GlobalSection(ProjectConfigurationPlatforms) = postSolution
		{7AAAF729-82D6-4AAE-A750-DEF6877FF6BD}.Debug|Any CPU.ActiveCfg = Debug|Any CPU
		{7AAAF729-82D6-4AAE-A750-DEF6877FF6BD}.Debug|Any CPU.Build.0 = Debug|Any CPU
		{7AAAF729-82D6-4AAE-A750-DEF6877FF6BD}.Release|Any CPU.ActiveCfg = Release|Any CPU
		{7AAAF729-82D6-4AAE-A750-DEF6877FF6BD}.Release|Any CPU.Build.0 = Release|Any CPU
	EndGlobalSection
	GlobalSection(SolutionProperties) = preSolution
		HideSolutionNode = FALSE
	EndGlobalSection
	GlobalSection(ExtensibilityGlobals) = postSolution
		SolutionGuid = {28FDEF5C-6053-450D-B7D0-A8D3E53DE41F}
	EndGlobalSection
EndGlobal
